
Microsoft Visual Studio Solution File, Format Version 12.00
# Visual Studio Version 17
VisualStudioVersion = 17.5.002.0
MinimumVisualStudioVersion = 10.0.40219.1
Project("{9A19103F-16F7-4668-BE54-9A1E7A4F7556}") = "Lab8", "Lab8.csproj", "{34CBD965-ED94-42C3-844E-ABCCF2B801CF}"
EndProject
Global
	GlobalSection(SolutionConfigurationPlatforms) = preSolution
		Debug|Any CPU = Debug|Any CPU
		Release|Any CPU = Release|Any CPU
	EndGlobalSection
	GlobalSection(ProjectConfigurationPlatforms) = postSolution
		{34CBD965-ED94-42C3-844E-ABCCF2B801CF}.Debug|Any CPU.ActiveCfg = Debug|Any CPU
		{34CBD965-ED94-42C3-844E-ABCCF2B801CF}.Debug|Any CPU.Build.0 = Debug|Any CPU
		{34CBD965-ED94-42C3-844E-ABCCF2B801CF}.Release|Any CPU.ActiveCfg = Release|Any CPU
		{34CBD965-ED94-42C3-844E-ABCCF2B801CF}.Release|Any CPU.Build.0 = Release|Any CPU
	EndGlobalSection
	GlobalSection(SolutionProperties) = preSolution
		HideSolutionNode = FALSE
	EndGlobalSection
	GlobalSection(ExtensibilityGlobals) = postSolution
		SolutionGuid = {7F69A7B2-2E89-4D8F-9574-4368822C37EA}
	EndGlobalSection
EndGlobal
